// !$*UTF8*$!
{
	archiveVersion = 1;
	classes = {
	};
	objectVersion = 50;
	objects = {

/* Begin PBXBuildFile section */
		3F77CE0E2547B38500D1862C /* tableView.storyboard in Resources */ = {isa = PBXBuildFile; fileRef = 3F77CE0D2547B38500D1862C /* tableView.storyboard */; };
		3FDE206B254CA3A200C71A8C /* CourseDescriptionViewController.swift in Sources */ = {isa = PBXBuildFile; fileRef = 3FDE206A254CA3A200C71A8C /* CourseDescriptionViewController.swift */; };
		9D0318A8253D4D460060A090 /* ViewController2_home.swift in Sources */ = {isa = PBXBuildFile; fileRef = 9D0318A7253D4D460060A090 /* ViewController2_home.swift */; };
		9D0318AD253D6E4A0060A090 /* ViewController3_profile.swift in Sources */ = {isa = PBXBuildFile; fileRef = 9D0318AC253D6E4A0060A090 /* ViewController3_profile.swift */; };
		9D0318B2253D6ECE0060A090 /* ViewController4_schedule.swift in Sources */ = {isa = PBXBuildFile; fileRef = 9D0318B1253D6ECE0060A090 /* ViewController4_schedule.swift */; };
		9D0318B7253D6EE20060A090 /* ViewController5_feedback.swift in Sources */ = {isa = PBXBuildFile; fileRef = 9D0318B6253D6EE20060A090 /* ViewController5_feedback.swift */; };
		9D0318BC253D6F060060A090 /* ViewController6_list.swift in Sources */ = {isa = PBXBuildFile; fileRef = 9D0318BB253D6F060060A090 /* ViewController6_list.swift */; };
		9D0318C1253D6F150060A090 /* ViewController7_map.swift in Sources */ = {isa = PBXBuildFile; fileRef = 9D0318C0253D6F150060A090 /* ViewController7_map.swift */; };
		9D0318C6253D6F250060A090 /* ViewController8_tips.swift in Sources */ = {isa = PBXBuildFile; fileRef = 9D0318C5253D6F250060A090 /* ViewController8_tips.swift */; };
		9DBF35B9253403110060B8BB /* AppDelegate.swift in Sources */ = {isa = PBXBuildFile; fileRef = 9DBF35B8253403110060B8BB /* AppDelegate.swift */; };
		9DBF35BB253403110060B8BB /* SceneDelegate.swift in Sources */ = {isa = PBXBuildFile; fileRef = 9DBF35BA253403110060B8BB /* SceneDelegate.swift */; };
		9DBF35BD253403110060B8BB /* ViewController.swift in Sources */ = {isa = PBXBuildFile; fileRef = 9DBF35BC253403110060B8BB /* ViewController.swift */; };
		9DBF35C0253403110060B8BB /* Main.storyboard in Resources */ = {isa = PBXBuildFile; fileRef = 9DBF35BE253403110060B8BB /* Main.storyboard */; };
		9DBF35C2253403170060B8BB /* Assets.xcassets in Resources */ = {isa = PBXBuildFile; fileRef = 9DBF35C1253403170060B8BB /* Assets.xcassets */; };
		9DBF35C5253403170060B8BB /* LaunchScreen.storyboard in Resources */ = {isa = PBXBuildFile; fileRef = 9DBF35C3253403170060B8BB /* LaunchScreen.storyboard */; };
		9DBF35D0253403190060B8BB /* Transfer_Assistant_AppTests.swift in Sources */ = {isa = PBXBuildFile; fileRef = 9DBF35CF253403190060B8BB /* Transfer_Assistant_AppTests.swift */; };
		9DBF35DB253403190060B8BB /* Transfer_Assistant_AppUITests.swift in Sources */ = {isa = PBXBuildFile; fileRef = 9DBF35DA253403190060B8BB /* Transfer_Assistant_AppUITests.swift */; };
/* End PBXBuildFile section */

/* Begin PBXContainerItemProxy section */
		9DBF35CC253403190060B8BB /* PBXContainerItemProxy */ = {
			isa = PBXContainerItemProxy;
			containerPortal = 9DBF35AD253403110060B8BB /* Project object */;
			proxyType = 1;
			remoteGlobalIDString = 9DBF35B4253403110060B8BB;
			remoteInfo = "Transfer Assistant App";
		};
		9DBF35D7253403190060B8BB /* PBXContainerItemProxy */ = {
			isa = PBXContainerItemProxy;
			containerPortal = 9DBF35AD253403110060B8BB /* Project object */;
			proxyType = 1;
			remoteGlobalIDString = 9DBF35B4253403110060B8BB;
			remoteInfo = "Transfer Assistant App";
		};
/* End PBXContainerItemProxy section */

/* Begin PBXFileReference section */
		3F77CE0D2547B38500D1862C /* tableView.storyboard */ = {isa = PBXFileReference; lastKnownFileType = file.storyboard; path = tableView.storyboard; sourceTree = "<group>"; };
		3FDE206A254CA3A200C71A8C /* CourseDescriptionViewController.swift */ = {isa = PBXFileReference; lastKnownFileType = sourcecode.swift; path = CourseDescriptionViewController.swift; sourceTree = "<group>"; };
		9D0318A7253D4D460060A090 /* ViewController2_home.swift */ = {isa = PBXFileReference; lastKnownFileType = sourcecode.swift; path = ViewController2_home.swift; sourceTree = "<group>"; };
		9D0318AC253D6E4A0060A090 /* ViewController3_profile.swift */ = {isa = PBXFileReference; lastKnownFileType = sourcecode.swift; path = ViewController3_profile.swift; sourceTree = "<group>"; };
		9D0318B1253D6ECE0060A090 /* ViewController4_schedule.swift */ = {isa = PBXFileReference; lastKnownFileType = sourcecode.swift; path = ViewController4_schedule.swift; sourceTree = "<group>"; };
		9D0318B6253D6EE20060A090 /* ViewController5_feedback.swift */ = {isa = PBXFileReference; lastKnownFileType = sourcecode.swift; path = ViewController5_feedback.swift; sourceTree = "<group>"; };
		9D0318BB253D6F060060A090 /* ViewController6_list.swift */ = {isa = PBXFileReference; lastKnownFileType = sourcecode.swift; path = ViewController6_list.swift; sourceTree = "<group>"; };
		9D0318C0253D6F150060A090 /* ViewController7_map.swift */ = {isa = PBXFileReference; lastKnownFileType = sourcecode.swift; path = ViewController7_map.swift; sourceTree = "<group>"; };
		9D0318C5253D6F250060A090 /* ViewController8_tips.swift */ = {isa = PBXFileReference; lastKnownFileType = sourcecode.swift; path = ViewController8_tips.swift; sourceTree = "<group>"; };
		9DBF35B5253403110060B8BB /* Transfer Assistant App.app */ = {isa = PBXFileReference; explicitFileType = wrapper.application; includeInIndex = 0; path = "Transfer Assistant App.app"; sourceTree = BUILT_PRODUCTS_DIR; };
		9DBF35B8253403110060B8BB /* AppDelegate.swift */ = {isa = PBXFileReference; lastKnownFileType = sourcecode.swift; path = AppDelegate.swift; sourceTree = "<group>"; };
		9DBF35BA253403110060B8BB /* SceneDelegate.swift */ = {isa = PBXFileReference; lastKnownFileType = sourcecode.swift; path = SceneDelegate.swift; sourceTree = "<group>"; };
		9DBF35BC253403110060B8BB /* ViewController.swift */ = {isa = PBXFileReference; lastKnownFileType = sourcecode.swift; path = ViewController.swift; sourceTree = "<group>"; };
		9DBF35BF253403110060B8BB /* Base */ = {isa = PBXFileReference; lastKnownFileType = file.storyboard; name = Base; path = Base.lproj/Main.storyboard; sourceTree = "<group>"; };
		9DBF35C1253403170060B8BB /* Assets.xcassets */ = {isa = PBXFileReference; lastKnownFileType = folder.assetcatalog; path = Assets.xcassets; sourceTree = "<group>"; };
		9DBF35C4253403170060B8BB /* Base */ = {isa = PBXFileReference; lastKnownFileType = file.storyboard; name = Base; path = Base.lproj/LaunchScreen.storyboard; sourceTree = "<group>"; };
		9DBF35C6253403170060B8BB /* Info.plist */ = {isa = PBXFileReference; lastKnownFileType = text.plist.xml; path = Info.plist; sourceTree = "<group>"; };
		9DBF35CB253403190060B8BB /* Transfer Assistant AppTests.xctest */ = {isa = PBXFileReference; explicitFileType = wrapper.cfbundle; includeInIndex = 0; path = "Transfer Assistant AppTests.xctest"; sourceTree = BUILT_PRODUCTS_DIR; };
		9DBF35CF253403190060B8BB /* Transfer_Assistant_AppTests.swift */ = {isa = PBXFileReference; lastKnownFileType = sourcecode.swift; path = Transfer_Assistant_AppTests.swift; sourceTree = "<group>"; };
		9DBF35D1253403190060B8BB /* Info.plist */ = {isa = PBXFileReference; lastKnownFileType = text.plist.xml; path = Info.plist; sourceTree = "<group>"; };
		9DBF35D6253403190060B8BB /* Transfer Assistant AppUITests.xctest */ = {isa = PBXFileReference; explicitFileType = wrapper.cfbundle; includeInIndex = 0; path = "Transfer Assistant AppUITests.xctest"; sourceTree = BUILT_PRODUCTS_DIR; };
		9DBF35DA253403190060B8BB /* Transfer_Assistant_AppUITests.swift */ = {isa = PBXFileReference; lastKnownFileType = sourcecode.swift; path = Transfer_Assistant_AppUITests.swift; sourceTree = "<group>"; };
		9DBF35DC253403190060B8BB /* Info.plist */ = {isa = PBXFileReference; lastKnownFileType = text.plist.xml; path = Info.plist; sourceTree = "<group>"; };
/* End PBXFileReference section */

/* Begin PBXFrameworksBuildPhase section */
		9DBF35B2253403110060B8BB /* Frameworks */ = {
			isa = PBXFrameworksBuildPhase;
			buildActionMask = 2147483647;
			files = (
			);
			runOnlyForDeploymentPostprocessing = 0;
		};
		9DBF35C8253403180060B8BB /* Frameworks */ = {
			isa = PBXFrameworksBuildPhase;
			buildActionMask = 2147483647;
			files = (
			);
			runOnlyForDeploymentPostprocessing = 0;
		};
		9DBF35D3253403190060B8BB /* Frameworks */ = {
			isa = PBXFrameworksBuildPhase;
			buildActionMask = 2147483647;
			files = (
			);
			runOnlyForDeploymentPostprocessing = 0;
		};
/* End PBXFrameworksBuildPhase section */

/* Begin PBXGroup section */
		9DBF35AC253403110060B8BB = {
			isa = PBXGroup;
			children = (
				3FDE206A254CA3A200C71A8C /* CourseDescriptionViewController.swift */,
				9D0318C5253D6F250060A090 /* ViewController8_tips.swift */,
				9D0318C0253D6F150060A090 /* ViewController7_map.swift */,
				9D0318BB253D6F060060A090 /* ViewController6_list.swift */,
				9D0318B6253D6EE20060A090 /* ViewController5_feedback.swift */,
				9D0318B1253D6ECE0060A090 /* ViewController4_schedule.swift */,
				9D0318AC253D6E4A0060A090 /* ViewController3_profile.swift */,
				9DBF35B7253403110060B8BB /* Transfer Assistant App */,
				9DBF35CE253403190060B8BB /* Transfer Assistant AppTests */,
				9DBF35D9253403190060B8BB /* Transfer Assistant AppUITests */,
				9DBF35B6253403110060B8BB /* Products */,
				9D0318A7253D4D460060A090 /* ViewController2_home.swift */,
			);
			sourceTree = "<group>";
		};
		9DBF35B6253403110060B8BB /* Products */ = {
			isa = PBXGroup;
			children = (
				9DBF35B5253403110060B8BB /* Transfer Assistant App.app */,
				9DBF35CB253403190060B8BB /* Transfer Assistant AppTests.xctest */,
				9DBF35D6253403190060B8BB /* Transfer Assistant AppUITests.xctest */,
			);
			name = Products;
			sourceTree = "<group>";
		};
		9DBF35B7253403110060B8BB /* Transfer Assistant App */ = {
			isa = PBXGroup;
			children = (
				9DBF35B8253403110060B8BB /* AppDelegate.swift */,
				9DBF35BA253403110060B8BB /* SceneDelegate.swift */,
				9DBF35BC253403110060B8BB /* ViewController.swift */,
				9DBF35BE253403110060B8BB /* Main.storyboard */,
				9DBF35C1253403170060B8BB /* Assets.xcassets */,
				9DBF35C3253403170060B8BB /* LaunchScreen.storyboard */,
				9DBF35C6253403170060B8BB /* Info.plist */,
				3F77CE0D2547B38500D1862C /* tableView.storyboard */,
			);
			path = "Transfer Assistant App";
			sourceTree = "<group>";
		};
		9DBF35CE253403190060B8BB /* Transfer Assistant AppTests */ = {
			isa = PBXGroup;
			children = (
				9DBF35CF253403190060B8BB /* Transfer_Assistant_AppTests.swift */,
				9DBF35D1253403190060B8BB /* Info.plist */,
			);
			path = "Transfer Assistant AppTests";
			sourceTree = "<group>";
		};
		9DBF35D9253403190060B8BB /* Transfer Assistant AppUITests */ = {
			isa = PBXGroup;
			children = (
				9DBF35DA253403190060B8BB /* Transfer_Assistant_AppUITests.swift */,
				9DBF35DC253403190060B8BB /* Info.plist */,
			);
			path = "Transfer Assistant AppUITests";
			sourceTree = "<group>";
		};
/* End PBXGroup section */

/* Begin PBXNativeTarget section */
		9DBF35B4253403110060B8BB /* Transfer Assistant App */ = {
			isa = PBXNativeTarget;
			buildConfigurationList = 9DBF35DF253403190060B8BB /* Build configuration list for PBXNativeTarget "Transfer Assistant App" */;
			buildPhases = (
				9DBF35B1253403110060B8BB /* Sources */,
				9DBF35B2253403110060B8BB /* Frameworks */,
				9DBF35B3253403110060B8BB /* Resources */,
			);
			buildRules = (
			);
			dependencies = (
			);
			name = "Transfer Assistant App";
			productName = "Transfer Assistant App";
			productReference = 9DBF35B5253403110060B8BB /* Transfer Assistant App.app */;
			productType = "com.apple.product-type.application";
		};
		9DBF35CA253403180060B8BB /* Transfer Assistant AppTests */ = {
			isa = PBXNativeTarget;
			buildConfigurationList = 9DBF35E2253403190060B8BB /* Build configuration list for PBXNativeTarget "Transfer Assistant AppTests" */;
			buildPhases = (
				9DBF35C7253403180060B8BB /* Sources */,
				9DBF35C8253403180060B8BB /* Frameworks */,
				9DBF35C9253403180060B8BB /* Resources */,
			);
			buildRules = (
			);
			dependencies = (
				9DBF35CD253403190060B8BB /* PBXTargetDependency */,
			);
			name = "Transfer Assistant AppTests";
			productName = "Transfer Assistant AppTests";
			productReference = 9DBF35CB253403190060B8BB /* Transfer Assistant AppTests.xctest */;
			productType = "com.apple.product-type.bundle.unit-test";
		};
		9DBF35D5253403190060B8BB /* Transfer Assistant AppUITests */ = {
			isa = PBXNativeTarget;
			buildConfigurationList = 9DBF35E5253403190060B8BB /* Build configuration list for PBXNativeTarget "Transfer Assistant AppUITests" */;
			buildPhases = (
				9DBF35D2253403190060B8BB /* Sources */,
				9DBF35D3253403190060B8BB /* Frameworks */,
				9DBF35D4253403190060B8BB /* Resources */,
			);
			buildRules = (
			);
			dependencies = (
				9DBF35D8253403190060B8BB /* PBXTargetDependency */,
			);
			name = "Transfer Assistant AppUITests";
			productName = "Transfer Assistant AppUITests";
			productReference = 9DBF35D6253403190060B8BB /* Transfer Assistant AppUITests.xctest */;
			productType = "com.apple.product-type.bundle.ui-testing";
		};
/* End PBXNativeTarget section */

/* Begin PBXProject section */
		9DBF35AD253403110060B8BB /* Project object */ = {
			isa = PBXProject;
			attributes = {
				LastSwiftUpdateCheck = 1200;
				LastUpgradeCheck = 1200;
				TargetAttributes = {
					9DBF35B4253403110060B8BB = {
						CreatedOnToolsVersion = 12.0.1;
					};
					9DBF35CA253403180060B8BB = {
						CreatedOnToolsVersion = 12.0.1;
						TestTargetID = 9DBF35B4253403110060B8BB;
					};
					9DBF35D5253403190060B8BB = {
						CreatedOnToolsVersion = 12.0.1;
						TestTargetID = 9DBF35B4253403110060B8BB;
					};
				};
			};
			buildConfigurationList = 9DBF35B0253403110060B8BB /* Build configuration list for PBXProject "Transfer Assistant App" */;
			compatibilityVersion = "Xcode 9.3";
			developmentRegion = en;
			hasScannedForEncodings = 0;
			knownRegions = (
				en,
				Base,
			);
			mainGroup = 9DBF35AC253403110060B8BB;
			productRefGroup = 9DBF35B6253403110060B8BB /* Products */;
			projectDirPath = "";
			projectRoot = "";
			targets = (
				9DBF35B4253403110060B8BB /* Transfer Assistant App */,
				9DBF35CA253403180060B8BB /* Transfer Assistant AppTests */,
				9DBF35D5253403190060B8BB /* Transfer Assistant AppUITests */,
			);
		};
/* End PBXProject section */

/* Begin PBXResourcesBuildPhase section */
		9DBF35B3253403110060B8BB /* Resources */ = {
			isa = PBXResourcesBuildPhase;
			buildActionMask = 2147483647;
			files = (
				9DBF35C5253403170060B8BB /* LaunchScreen.storyboard in Resources */,
				3F77CE0E2547B38500D1862C /* tableView.storyboard in Resources */,
				9DBF35C2253403170060B8BB /* Assets.xcassets in Resources */,
				9DBF35C0253403110060B8BB /* Main.storyboard in Resources */,
			);
			runOnlyForDeploymentPostprocessing = 0;
		};
		9DBF35C9253403180060B8BB /* Resources */ = {
			isa = PBXResourcesBuildPhase;
			buildActionMask = 2147483647;
			files = (
			);
			runOnlyForDeploymentPostprocessing = 0;
		};
		9DBF35D4253403190060B8BB /* Resources */ = {
			isa = PBXResourcesBuildPhase;
			buildActionMask = 2147483647;
			files = (
			);
			runOnlyForDeploymentPostprocessing = 0;
		};
/* End PBXResourcesBuildPhase section */

/* Begin PBXSourcesBuildPhase section */
		9DBF35B1253403110060B8BB /* Sources */ = {
			isa = PBXSourcesBuildPhase;
			buildActionMask = 2147483647;
			files = (
				9D0318C1253D6F150060A090 /* ViewController7_map.swift in Sources */,
				3FDE206B254CA3A200C71A8C /* CourseDescriptionViewController.swift in Sources */,
				9DBF35BD253403110060B8BB /* ViewController.swift in Sources */,
				9D0318B7253D6EE20060A090 /* ViewController5_feedback.swift in Sources */,
				9DBF35B9253403110060B8BB /* AppDelegate.swift in Sources */,
				9D0318B2253D6ECE0060A090 /* ViewController4_schedule.swift in Sources */,
				9D0318C6253D6F250060A090 /* ViewController8_tips.swift in Sources */,
				9D0318A8253D4D460060A090 /* ViewController2_home.swift in Sources */,
				9D0318BC253D6F060060A090 /* ViewController6_list.swift in Sources */,
				9DBF35BB253403110060B8BB /* SceneDelegate.swift in Sources */,
				9D0318AD253D6E4A0060A090 /* ViewController3_profile.swift in Sources */,
			);
			runOnlyForDeploymentPostprocessing = 0;
		};
		9DBF35C7253403180060B8BB /* Sources */ = {
			isa = PBXSourcesBuildPhase;
			buildActionMask = 2147483647;
			files = (
				9DBF35D0253403190060B8BB /* Transfer_Assistant_AppTests.swift in Sources */,
			);
			runOnlyForDeploymentPostprocessing = 0;
		};
		9DBF35D2253403190060B8BB /* Sources */ = {
			isa = PBXSourcesBuildPhase;
			buildActionMask = 2147483647;
			files = (
				9DBF35DB253403190060B8BB /* Transfer_Assistant_AppUITests.swift in Sources */,
			);
			runOnlyForDeploymentPostprocessing = 0;
		};
/* End PBXSourcesBuildPhase section */

/* Begin PBXTargetDependency section */
		9DBF35CD253403190060B8BB /* PBXTargetDependency */ = {
			isa = PBXTargetDependency;
			target = 9DBF35B4253403110060B8BB /* Transfer Assistant App */;
			targetProxy = 9DBF35CC253403190060B8BB /* PBXContainerItemProxy */;
		};
		9DBF35D8253403190060B8BB /* PBXTargetDependency */ = {
			isa = PBXTargetDependency;
			target = 9DBF35B4253403110060B8BB /* Transfer Assistant App */;
			targetProxy = 9DBF35D7253403190060B8BB /* PBXContainerItemProxy */;
		};
/* End PBXTargetDependency section */

/* Begin PBXVariantGroup section */
		9DBF35BE253403110060B8BB /* Main.storyboard */ = {
			isa = PBXVariantGroup;
			children = (
				9DBF35BF253403110060B8BB /* Base */,
			);
			name = Main.storyboard;
			sourceTree = "<group>";
		};
		9DBF35C3253403170060B8BB /* LaunchScreen.storyboard */ = {
			isa = PBXVariantGroup;
			children = (
				9DBF35C4253403170060B8BB /* Base */,
			);
			name = LaunchScreen.storyboard;
			sourceTree = "<group>";
		};
/* End PBXVariantGroup section */

/* Begin XCBuildConfiguration section */
		9DBF35DD253403190060B8BB /* Debug */ = {
			isa = XCBuildConfiguration;
			buildSettings = {
				ALWAYS_SEARCH_USER_PATHS = NO;
				CLANG_ANALYZER_NONNULL = YES;
				CLANG_ANALYZER_NUMBER_OBJECT_CONVERSION = YES_AGGRESSIVE;
				CLANG_CXX_LANGUAGE_STANDARD = "gnu++14";
				CLANG_CXX_LIBRARY = "libc++";
				CLANG_ENABLE_MODULES = YES;
				CLANG_ENABLE_OBJC_ARC = YES;
				CLANG_ENABLE_OBJC_WEAK = YES;
				CLANG_WARN_BLOCK_CAPTURE_AUTORELEASING = YES;
				CLANG_WARN_BOOL_CONVERSION = YES;
				CLANG_WARN_COMMA = YES;
				CLANG_WARN_CONSTANT_CONVERSION = YES;
				CLANG_WARN_DEPRECATED_OBJC_IMPLEMENTATIONS = YES;
				CLANG_WARN_DIRECT_OBJC_ISA_USAGE = YES_ERROR;
				CLANG_WARN_DOCUMENTATION_COMMENTS = YES;
				CLANG_WARN_EMPTY_BODY = YES;
				CLANG_WARN_ENUM_CONVERSION = YES;
				CLANG_WARN_INFINITE_RECURSION = YES;
				CLANG_WARN_INT_CONVERSION = YES;
				CLANG_WARN_NON_LITERAL_NULL_CONVERSION = YES;
				CLANG_WARN_OBJC_IMPLICIT_RETAIN_SELF = YES;
				CLANG_WARN_OBJC_LITERAL_CONVERSION = YES;
				CLANG_WARN_OBJC_ROOT_CLASS = YES_ERROR;
				CLANG_WARN_QUOTED_INCLUDE_IN_FRAMEWORK_HEADER = YES;
				CLANG_WARN_RANGE_LOOP_ANALYSIS = YES;
				CLANG_WARN_STRICT_PROTOTYPES = YES;
				CLANG_WARN_SUSPICIOUS_MOVE = YES;
				CLANG_WARN_UNGUARDED_AVAILABILITY = YES_AGGRESSIVE;
				CLANG_WARN_UNREACHABLE_CODE = YES;
				CLANG_WARN__DUPLICATE_METHOD_MATCH = YES;
				COPY_PHASE_STRIP = NO;
				DEBUG_INFORMATION_FORMAT = dwarf;
				ENABLE_STRICT_OBJC_MSGSEND = YES;
				ENABLE_TESTABILITY = YES;
				GCC_C_LANGUAGE_STANDARD = gnu11;
				GCC_DYNAMIC_NO_PIC = NO;
				GCC_NO_COMMON_BLOCKS = YES;
				GCC_OPTIMIZATION_LEVEL = 0;
				GCC_PREPROCESSOR_DEFINITIONS = (
					"DEBUG=1",
					"$(inherited)",
				);
				GCC_WARN_64_TO_32_BIT_CONVERSION = YES;
				GCC_WARN_ABOUT_RETURN_TYPE = YES_ERROR;
				GCC_WARN_UNDECLARED_SELECTOR = YES;
				GCC_WARN_UNINITIALIZED_AUTOS = YES_AGGRESSIVE;
				GCC_WARN_UNUSED_FUNCTION = YES;
				GCC_WARN_UNUSED_VARIABLE = YES;
				IPHONEOS_DEPLOYMENT_TARGET = 14.0;
				MTL_ENABLE_DEBUG_INFO = INCLUDE_SOURCE;
				MTL_FAST_MATH = YES;
				ONLY_ACTIVE_ARCH = YES;
				SDKROOT = iphoneos;
				SWIFT_ACTIVE_COMPILATION_CONDITIONS = DEBUG;
				SWIFT_OPTIMIZATION_LEVEL = "-Onone";
			};
			name = Debug;
		};
		9DBF35DE253403190060B8BB /* Release */ = {
			isa = XCBuildConfiguration;
			buildSettings = {
				ALWAYS_SEARCH_USER_PATHS = NO;
				CLANG_ANALYZER_NONNULL = YES;
				CLANG_ANALYZER_NUMBER_OBJECT_CONVERSION = YES_AGGRESSIVE;
				CLANG_CXX_LANGUAGE_STANDARD = "gnu++14";
				CLANG_CXX_LIBRARY = "libc++";
				CLANG_ENABLE_MODULES = YES;
				CLANG_ENABLE_OBJC_ARC = YES;
				CLANG_ENABLE_OBJC_WEAK = YES;
				CLANG_WARN_BLOCK_CAPTURE_AUTORELEASING = YES;
				CLANG_WARN_BOOL_CONVERSION = YES;
				CLANG_WARN_COMMA = YES;
				CLANG_WARN_CONSTANT_CONVERSION = YES;
				CLANG_WARN_DEPRECATED_OBJC_IMPLEMENTATIONS = YES;
				CLANG_WARN_DIRECT_OBJC_ISA_USAGE = YES_ERROR;
				CLANG_WARN_DOCUMENTATION_COMMENTS = YES;
				CLANG_WARN_EMPTY_BODY = YES;
				CLANG_WARN_ENUM_CONVERSION = YES;
				CLANG_WARN_INFINITE_RECURSION = YES;
				CLANG_WARN_INT_CONVERSION = YES;
				CLANG_WARN_NON_LITERAL_NULL_CONVERSION = YES;
				CLANG_WARN_OBJC_IMPLICIT_RETAIN_SELF = YES;
				CLANG_WARN_OBJC_LITERAL_CONVERSION = YES;
				CLANG_WARN_OBJC_ROOT_CLASS = YES_ERROR;
				CLANG_WARN_QUOTED_INCLUDE_IN_FRAMEWORK_HEADER = YES;
				CLANG_WARN_RANGE_LOOP_ANALYSIS = YES;
				CLANG_WARN_STRICT_PROTOTYPES = YES;
				CLANG_WARN_SUSPICIOUS_MOVE = YES;
				CLANG_WARN_UNGUARDED_AVAILABILITY = YES_AGGRESSIVE;
				CLANG_WARN_UNREACHABLE_CODE = YES;
				CLANG_WARN__DUPLICATE_METHOD_MATCH = YES;
				COPY_PHASE_STRIP = NO;
				DEBUG_INFORMATION_FORMAT = "dwarf-with-dsym";
				ENABLE_NS_ASSERTIONS = NO;
				ENABLE_STRICT_OBJC_MSGSEND = YES;
				GCC_C_LANGUAGE_STANDARD = gnu11;
				GCC_NO_COMMON_BLOCKS = YES;
				GCC_WARN_64_TO_32_BIT_CONVERSION = YES;
				GCC_WARN_ABOUT_RETURN_TYPE = YES_ERROR;
				GCC_WARN_UNDECLARED_SELECTOR = YES;
				GCC_WARN_UNINITIALIZED_AUTOS = YES_AGGRESSIVE;
				GCC_WARN_UNUSED_FUNCTION = YES;
				GCC_WARN_UNUSED_VARIABLE = YES;
				IPHONEOS_DEPLOYMENT_TARGET = 14.0;
				MTL_ENABLE_DEBUG_INFO = NO;
				MTL_FAST_MATH = YES;
				SDKROOT = iphoneos;
				SWIFT_COMPILATION_MODE = wholemodule;
				SWIFT_OPTIMIZATION_LEVEL = "-O";
				VALIDATE_PRODUCT = YES;
			};
			name = Release;
		};
		9DBF35E0253403190060B8BB /* Debug */ = {
			isa = XCBuildConfiguration;
			buildSettings = {
				ASSETCATALOG_COMPILER_APPICON_NAME = AppIcon;
				ASSETCATALOG_COMPILER_GLOBAL_ACCENT_COLOR_NAME = AccentColor;
				CODE_SIGN_STYLE = Automatic;
				DEVELOPMENT_TEAM = 9G48BDNFT5;
				INFOPLIST_FILE = "Transfer Assistant App/Info.plist";
				LD_RUNPATH_SEARCH_PATHS = (
					"$(inherited)",
					"@executable_path/Frameworks",
				);
				PRODUCT_BUNDLE_IDENTIFIER = "com.armenphelps.Transfer-Assistant-App";
				PRODUCT_NAME = "$(TARGET_NAME)";
				SWIFT_VERSION = 5.0;
				TARGETED_DEVICE_FAMILY = "1,2";
			};
			name = Debug;
		};
		9DBF35E1253403190060B8BB /* Release */ = {
			isa = XCBuildConfiguration;
			buildSettings = {
				ASSETCATALOG_COMPILER_APPICON_NAME = AppIcon;
				ASSETCATALOG_COMPILER_GLOBAL_ACCENT_COLOR_NAME = AccentColor;
				CODE_SIGN_STYLE = Automatic;
				DEVELOPMENT_TEAM = 9G48BDNFT5;
				INFOPLIST_FILE = "Transfer Assistant App/Info.plist";
				LD_RUNPATH_SEARCH_PATHS = (
					"$(inherited)",
					"@executable_path/Frameworks",
				);
				PRODUCT_BUNDLE_IDENTIFIER = "com.armenphelps.Transfer-Assistant-App";
				PRODUCT_NAME = "$(TARGET_NAME)";
				SWIFT_VERSION = 5.0;
				TARGETED_DEVICE_FAMILY = "1,2";
			};
			name = Release;
		};
		9DBF35E3253403190060B8BB /* Debug */ = {
			isa = XCBuildConfiguration;
			buildSettings = {
				ALWAYS_EMBED_SWIFT_STANDARD_LIBRARIES = YES;
				BUNDLE_LOADER = "$(TEST_HOST)";
				CODE_SIGN_STYLE = Automatic;
				DEVELOPMENT_TEAM = 9G48BDNFT5;
				INFOPLIST_FILE = "Transfer Assistant AppTests/Info.plist";
				IPHONEOS_DEPLOYMENT_TARGET = 14.0;
				LD_RUNPATH_SEARCH_PATHS = (
					"$(inherited)",
					"@executable_path/Frameworks",
					"@loader_path/Frameworks",
				);
				PRODUCT_BUNDLE_IDENTIFIER = "com.armenphelps.Transfer-Assistant-AppTests";
				PRODUCT_NAME = "$(TARGET_NAME)";
				SWIFT_VERSION = 5.0;
				TARGETED_DEVICE_FAMILY = "1,2";
				TEST_HOST = "$(BUILT_PRODUCTS_DIR)/Transfer Assistant App.app/Transfer Assistant App";
			};
			name = Debug;
		};
		9DBF35E4253403190060B8BB /* Release */ = {
			isa = XCBuildConfiguration;
			buildSettings = {
				ALWAYS_EMBED_SWIFT_STANDARD_LIBRARIES = YES;
				BUNDLE_LOADER = "$(TEST_HOST)";
				CODE_SIGN_STYLE = Automatic;
				DEVELOPMENT_TEAM = 9G48BDNFT5;
				INFOPLIST_FILE = "Transfer Assistant AppTests/Info.plist";
				IPHONEOS_DEPLOYMENT_TARGET = 14.0;
				LD_RUNPATH_SEARCH_PATHS = (
					"$(inherited)",
					"@executable_path/Frameworks",
					"@loader_path/Frameworks",
				);
				PRODUCT_BUNDLE_IDENTIFIER = "com.armenphelps.Transfer-Assistant-AppTests";
				PRODUCT_NAME = "$(TARGET_NAME)";
				SWIFT_VERSION = 5.0;
				TARGETED_DEVICE_FAMILY = "1,2";
				TEST_HOST = "$(BUILT_PRODUCTS_DIR)/Transfer Assistant App.app/Transfer Assistant App";
			};
			name = Release;
		};
		9DBF35E6253403190060B8BB /* Debug */ = {
			isa = XCBuildConfiguration;
			buildSettings = {
				ALWAYS_EMBED_SWIFT_STANDARD_LIBRARIES = YES;
				CODE_SIGN_STYLE = Automatic;
				DEVELOPMENT_TEAM = 9G48BDNFT5;
				INFOPLIST_FILE = "Transfer Assistant AppUITests/Info.plist";
				LD_RUNPATH_SEARCH_PATHS = (
					"$(inherited)",
					"@executable_path/Frameworks",
					"@loader_path/Frameworks",
				);
				PRODUCT_BUNDLE_IDENTIFIER = "com.armenphelps.Transfer-Assistant-AppUITests";
				PRODUCT_NAME = "$(TARGET_NAME)";
				SWIFT_VERSION = 5.0;
				TARGETED_DEVICE_FAMILY = "1,2";
				TEST_TARGET_NAME = "Transfer Assistant App";
			};
			name = Debug;
		};
		9DBF35E7253403190060B8BB /* Release */ = {
			isa = XCBuildConfiguration;
			buildSettings = {
				ALWAYS_EMBED_SWIFT_STANDARD_LIBRARIES = YES;
				CODE_SIGN_STYLE = Automatic;
				DEVELOPMENT_TEAM = 9G48BDNFT5;
				INFOPLIST_FILE = "Transfer Assistant AppUITests/Info.plist";
				LD_RUNPATH_SEARCH_PATHS = (
					"$(inherited)",
					"@executable_path/Frameworks",
					"@loader_path/Frameworks",
				);
				PRODUCT_BUNDLE_IDENTIFIER = "com.armenphelps.Transfer-Assistant-AppUITests";
				PRODUCT_NAME = "$(TARGET_NAME)";
				SWIFT_VERSION = 5.0;
				TARGETED_DEVICE_FAMILY = "1,2";
				TEST_TARGET_NAME = "Transfer Assistant App";
			};
			name = Release;
		};
/* End XCBuildConfiguration section */

/* Begin XCConfigurationList section */
		9DBF35B0253403110060B8BB /* Build configuration list for PBXProject "Transfer Assistant App" */ = {
			isa = XCConfigurationList;
			buildConfigurations = (
				9DBF35DD253403190060B8BB /* Debug */,
				9DBF35DE253403190060B8BB /* Release */,
			);
			defaultConfigurationIsVisible = 0;
			defaultConfigurationName = Release;
		};
		9DBF35DF253403190060B8BB /* Build configuration list for PBXNativeTarget "Transfer Assistant App" */ = {
			isa = XCConfigurationList;
			buildConfigurations = (
				9DBF35E0253403190060B8BB /* Debug */,
				9DBF35E1253403190060B8BB /* Release */,
			);
			defaultConfigurationIsVisible = 0;
			defaultConfigurationName = Release;
		};
		9DBF35E2253403190060B8BB /* Build configuration list for PBXNativeTarget "Transfer Assistant AppTests" */ = {
			isa = XCConfigurationList;
			buildConfigurations = (
				9DBF35E3253403190060B8BB /* Debug */,
				9DBF35E4253403190060B8BB /* Release */,
			);
			defaultConfigurationIsVisible = 0;
			defaultConfigurationName = Release;
		};
		9DBF35E5253403190060B8BB /* Build configuration list for PBXNativeTarget "Transfer Assistant AppUITests" */ = {
			isa = XCConfigurationList;
			buildConfigurations = (
				9DBF35E6253403190060B8BB /* Debug */,
				9DBF35E7253403190060B8BB /* Release */,
			);
			defaultConfigurationIsVisible = 0;
			defaultConfigurationName = Release;
		};
/* End XCConfigurationList section */
	};
	rootObject = 9DBF35AD253403110060B8BB /* Project object */;
}
